
Microsoft Visual Studio Solution File, Format Version 12.00
Project("{FAE04EC0-301F-11D3-BF4B-00C04F79EFBC}") = "SDD.SolidPrinciples", "SDD.SolidPrinciples\SDD.SolidPrinciples.csproj", "{7D9248ED-3D05-43BA-9FEB-CA9A2EB5E320}"
EndProject
Global
	GlobalSection(SolutionConfigurationPlatforms) = preSolution
		Debug|Any CPU = Debug|Any CPU
		Release|Any CPU = Release|Any CPU
	EndGlobalSection
	GlobalSection(ProjectConfigurationPlatforms) = postSolution
		{7D9248ED-3D05-43BA-9FEB-CA9A2EB5E320}.Debug|Any CPU.ActiveCfg = Debug|Any CPU
		{7D9248ED-3D05-43BA-9FEB-CA9A2EB5E320}.Debug|Any CPU.Build.0 = Debug|Any CPU
		{7D9248ED-3D05-43BA-9FEB-CA9A2EB5E320}.Release|Any CPU.ActiveCfg = Release|Any CPU
		{7D9248ED-3D05-43BA-9FEB-CA9A2EB5E320}.Release|Any CPU.Build.0 = Release|Any CPU
	EndGlobalSection
EndGlobal
